
Microsoft Visual Studio Solution File, Format Version 12.00
# Visual Studio Version 16
VisualStudioVersion = 16.0.31702.278
MinimumVisualStudioVersion = 10.0.40219.1
Project("{FAE04EC0-301F-11D3-BF4B-00C04F79EFBC}") = "Markoski_Stefan_Lab2", "Markoski_Stefan_Lab2.csproj", "{B4876508-0D6E-43AB-8FB4-501F75527785}"
EndProject
Global
	GlobalSection(SolutionConfigurationPlatforms) = preSolution
		Debug|Any CPU = Debug|Any CPU
		Release|Any CPU = Release|Any CPU
	EndGlobalSection
	GlobalSection(ProjectConfigurationPlatforms) = postSolution
		{B4876508-0D6E-43AB-8FB4-501F75527785}.Debug|Any CPU.ActiveCfg = Debug|Any CPU
		{B4876508-0D6E-43AB-8FB4-501F75527785}.Debug|Any CPU.Build.0 = Debug|Any CPU
		{B4876508-0D6E-43AB-8FB4-501F75527785}.Release|Any CPU.ActiveCfg = Release|Any CPU
		{B4876508-0D6E-43AB-8FB4-501F75527785}.Release|Any CPU.Build.0 = Release|Any CPU
	EndGlobalSection
	GlobalSection(SolutionProperties) = preSolution
		HideSolutionNode = FALSE
	EndGlobalSection
	GlobalSection(ExtensibilityGlobals) = postSolution
		SolutionGuid = {C12632B6-355A-4727-87C8-9596F434A383}
	EndGlobalSection
EndGlobal
